
Microsoft Visual Studio Solution File, Format Version 12.00
# Visual Studio 15
VisualStudioVersion = 15.0.26730.15
MinimumVisualStudioVersion = 10.0.40219.1
Project("{FAE04EC0-301F-11D3-BF4B-00C04F79EFBC}") = "WXProjectWeb", "WXProjectWeb\WXProjectWeb.csproj", "{E8C8D976-BDED-416F-9A16-E10EEC1344CE}"
EndProject
Global
	GlobalSection(SolutionConfigurationPlatforms) = preSolution
		Debug|Any CPU = Debug|Any CPU
		Release|Any CPU = Release|Any CPU
	EndGlobalSection
	GlobalSection(ProjectConfigurationPlatforms) = postSolution
		{E8C8D976-BDED-416F-9A16-E10EEC1344CE}.Debug|Any CPU.ActiveCfg = Debug|Any CPU
		{E8C8D976-BDED-416F-9A16-E10EEC1344CE}.Debug|Any CPU.Build.0 = Debug|Any CPU
		{E8C8D976-BDED-416F-9A16-E10EEC1344CE}.Release|Any CPU.ActiveCfg = Release|Any CPU
		{E8C8D976-BDED-416F-9A16-E10EEC1344CE}.Release|Any CPU.Build.0 = Release|Any CPU
	EndGlobalSection
	GlobalSection(SolutionProperties) = preSolution
		HideSolutionNode = FALSE
	EndGlobalSection
	GlobalSection(ExtensibilityGlobals) = postSolution
		SolutionGuid = {55F44930-2A9A-484E-9FBE-214933B20478}
	EndGlobalSection
EndGlobal
